
Microsoft Visual Studio Solution File, Format Version 12.00
# Visual Studio 15
VisualStudioVersion = 15.0.27703.2042
MinimumVisualStudioVersion = 10.0.40219.1
Project("{2150E333-8FDC-42A3-9474-1A3956D46DE8}") = ".paket", ".paket", "{2F3AB3E6-F333-4367-A35E-0590E3ED1894}"
	ProjectSection(SolutionItems) = preProject
		..\paket.dependencies = ..\paket.dependencies
	EndProjectSection
EndProject
Project("{FAE04EC0-301F-11D3-BF4B-00C04F79EFBC}") = "Common", "Common\Common.csproj", "{94774117-225A-4413-9325-D93B246EF092}"
EndProject
Project("{FAE04EC0-301F-11D3-BF4B-00C04F79EFBC}") = "Common.UnitTests", "Common.UnitTests\Common.UnitTests.csproj", "{0772CC31-931E-4E5D-BF97-6E77B388DEA0}"
EndProject
Project("{FAE04EC0-301F-11D3-BF4B-00C04F79EFBC}") = "UnitTesting", "UnitTesting\UnitTesting.csproj", "{7FFC5A10-0AA6-4D1E-A8CC-B3E06A863EFC}"
EndProject
Project("{FAE04EC0-301F-11D3-BF4B-00C04F79EFBC}") = "PowerShellServices", "PowerShellServices\PowerShellServices.csproj", "{178D722B-0911-4A21-8D3C-9A7BA7ECE80B}"
EndProject
Project("{FAE04EC0-301F-11D3-BF4B-00C04F79EFBC}") = "PowerShellServices.UnitTests", "PowerShellServices.UnitTests\PowerShellServices.UnitTests.csproj", "{BE80C5E6-9E48-402F-AA6A-D3F3713214FF}"
EndProject
Project("{FAE04EC0-301F-11D3-BF4B-00C04F79EFBC}") = "DirectoryServices", "DirectoryServices\DirectoryServices.csproj", "{6605361E-2A12-470A-8F7F-DC728F172492}"
EndProject
Project("{FAE04EC0-301F-11D3-BF4B-00C04F79EFBC}") = "DirectoryServices.UnitTests", "DirectoryServices.UnitTests\DirectoryServices.UnitTests.csproj", "{2E906C05-6CA7-4545-A851-A45EB2BCE574}"
EndProject
Project("{FAE04EC0-301F-11D3-BF4B-00C04F79EFBC}") = "Functional", "Functional\Functional.csproj", "{E2270ABD-424A-4845-9948-34E6C5776E75}"
EndProject
Project("{FAE04EC0-301F-11D3-BF4B-00C04F79EFBC}") = "Functional.UnitTests", "Functional.UnitTests\Functional.UnitTests.csproj", "{7520099A-280D-4B20-8CEE-479CB271B93A}"
EndProject
Global
	GlobalSection(SolutionConfigurationPlatforms) = preSolution
		Debug|Any CPU = Debug|Any CPU
		Release|Any CPU = Release|Any CPU
	EndGlobalSection
	GlobalSection(ProjectConfigurationPlatforms) = postSolution
		{94774117-225A-4413-9325-D93B246EF092}.Debug|Any CPU.ActiveCfg = Debug|Any CPU
		{94774117-225A-4413-9325-D93B246EF092}.Debug|Any CPU.Build.0 = Debug|Any CPU
		{94774117-225A-4413-9325-D93B246EF092}.Release|Any CPU.ActiveCfg = Release|Any CPU
		{94774117-225A-4413-9325-D93B246EF092}.Release|Any CPU.Build.0 = Release|Any CPU
		{0772CC31-931E-4E5D-BF97-6E77B388DEA0}.Debug|Any CPU.ActiveCfg = Debug|Any CPU
		{0772CC31-931E-4E5D-BF97-6E77B388DEA0}.Debug|Any CPU.Build.0 = Debug|Any CPU
		{0772CC31-931E-4E5D-BF97-6E77B388DEA0}.Release|Any CPU.ActiveCfg = Release|Any CPU
		{0772CC31-931E-4E5D-BF97-6E77B388DEA0}.Release|Any CPU.Build.0 = Release|Any CPU
		{7FFC5A10-0AA6-4D1E-A8CC-B3E06A863EFC}.Debug|Any CPU.ActiveCfg = Debug|Any CPU
		{7FFC5A10-0AA6-4D1E-A8CC-B3E06A863EFC}.Debug|Any CPU.Build.0 = Debug|Any CPU
		{7FFC5A10-0AA6-4D1E-A8CC-B3E06A863EFC}.Release|Any CPU.ActiveCfg = Release|Any CPU
		{7FFC5A10-0AA6-4D1E-A8CC-B3E06A863EFC}.Release|Any CPU.Build.0 = Release|Any CPU
		{178D722B-0911-4A21-8D3C-9A7BA7ECE80B}.Debug|Any CPU.ActiveCfg = Debug|Any CPU
		{178D722B-0911-4A21-8D3C-9A7BA7ECE80B}.Debug|Any CPU.Build.0 = Debug|Any CPU
		{178D722B-0911-4A21-8D3C-9A7BA7ECE80B}.Release|Any CPU.ActiveCfg = Release|Any CPU
		{178D722B-0911-4A21-8D3C-9A7BA7ECE80B}.Release|Any CPU.Build.0 = Release|Any CPU
		{BE80C5E6-9E48-402F-AA6A-D3F3713214FF}.Debug|Any CPU.ActiveCfg = Debug|Any CPU
		{BE80C5E6-9E48-402F-AA6A-D3F3713214FF}.Debug|Any CPU.Build.0 = Debug|Any CPU
		{BE80C5E6-9E48-402F-AA6A-D3F3713214FF}.Release|Any CPU.ActiveCfg = Release|Any CPU
		{BE80C5E6-9E48-402F-AA6A-D3F3713214FF}.Release|Any CPU.Build.0 = Release|Any CPU
		{6605361E-2A12-470A-8F7F-DC728F172492}.Debug|Any CPU.ActiveCfg = Debug|Any CPU
		{6605361E-2A12-470A-8F7F-DC728F172492}.Debug|Any CPU.Build.0 = Debug|Any CPU
		{6605361E-2A12-470A-8F7F-DC728F172492}.Release|Any CPU.ActiveCfg = Release|Any CPU
		{6605361E-2A12-470A-8F7F-DC728F172492}.Release|Any CPU.Build.0 = Release|Any CPU
		{2E906C05-6CA7-4545-A851-A45EB2BCE574}.Debug|Any CPU.ActiveCfg = Debug|Any CPU
		{2E906C05-6CA7-4545-A851-A45EB2BCE574}.Debug|Any CPU.Build.0 = Debug|Any CPU
		{2E906C05-6CA7-4545-A851-A45EB2BCE574}.Release|Any CPU.ActiveCfg = Release|Any CPU
		{2E906C05-6CA7-4545-A851-A45EB2BCE574}.Release|Any CPU.Build.0 = Release|Any CPU
		{E2270ABD-424A-4845-9948-34E6C5776E75}.Debug|Any CPU.ActiveCfg = Debug|Any CPU
		{E2270ABD-424A-4845-9948-34E6C5776E75}.Debug|Any CPU.Build.0 = Debug|Any CPU
		{E2270ABD-424A-4845-9948-34E6C5776E75}.Release|Any CPU.ActiveCfg = Release|Any CPU
		{E2270ABD-424A-4845-9948-34E6C5776E75}.Release|Any CPU.Build.0 = Release|Any CPU
		{7520099A-280D-4B20-8CEE-479CB271B93A}.Debug|Any CPU.ActiveCfg = Debug|Any CPU
		{7520099A-280D-4B20-8CEE-479CB271B93A}.Debug|Any CPU.Build.0 = Debug|Any CPU
		{7520099A-280D-4B20-8CEE-479CB271B93A}.Release|Any CPU.ActiveCfg = Release|Any CPU
		{7520099A-280D-4B20-8CEE-479CB271B93A}.Release|Any CPU.Build.0 = Release|Any CPU
	EndGlobalSection
	GlobalSection(SolutionProperties) = preSolution
		HideSolutionNode = FALSE
	EndGlobalSection
	GlobalSection(ExtensibilityGlobals) = postSolution
		SolutionGuid = {E5BF4864-2F7F-4C67-A3D9-B35A32F6B670}
	EndGlobalSection
EndGlobal
